PODS:
  - ARCL (1.0.4)
  - BarrageRenderer (1.3.0)

DEPENDENCIES:
  - ARCL
  - BarrageRenderer (~> 1.3.0)

SPEC CHECKSUMS:
  ARCL: 5fd2b0d7aabf91f15dbc0e8c510b25516b8a755a
  BarrageRenderer: 95e58f9a59aca04f509dcf578770761462a50167

PODFILE CHECKSUM: e5f8bdb76cc4c6aed0963753ba81e4907ffe22f1

COCOAPODS: 1.4.0
